
Microsoft Visual Studio Solution File, Format Version 12.00
# Visual Studio Version 16
VisualStudioVersion = 16.0.29613.14
MinimumVisualStudioVersion = 10.0.40219.1
Project("{8BC9CEB8-8B4A-11D0-8D11-00A0C91BC942}") = "Curves", "Curves.vcxproj", "{C5B54EB3-48B8-46D4-B04F-3CFEFD44CBB1}"
EndProject
Project("{8BC9CEB8-8B4A-11D0-8D11-00A0C91BC942}") = "Cylinder", "Cylinder\Cylinder.vcxproj", "{5D29954F-B246-45BC-88DD-7610387AD33D}"
EndProject
Project("{8BC9CEB8-8B4A-11D0-8D11-00A0C91BC942}") = "HelicalPipe", "HelicalPipe\HelicalPipe.vcxproj", "{A72E87A2-0FA6-4B68-948A-5780D9D842DB}"
EndProject
Global
	GlobalSection(SolutionConfigurationPlatforms) = preSolution
		Debug|x64 = Debug|x64
		Debug|x86 = Debug|x86
		Release|x64 = Release|x64
		Release|x86 = Release|x86
	EndGlobalSection
	GlobalSection(ProjectConfigurationPlatforms) = postSolution
		{C5B54EB3-48B8-46D4-B04F-3CFEFD44CBB1}.Debug|x64.ActiveCfg = Debug|x64
		{C5B54EB3-48B8-46D4-B04F-3CFEFD44CBB1}.Debug|x64.Build.0 = Debug|x64
		{C5B54EB3-48B8-46D4-B04F-3CFEFD44CBB1}.Debug|x86.ActiveCfg = Debug|Win32
		{C5B54EB3-48B8-46D4-B04F-3CFEFD44CBB1}.Debug|x86.Build.0 = Debug|Win32
		{C5B54EB3-48B8-46D4-B04F-3CFEFD44CBB1}.Release|x64.ActiveCfg = Release|x64
		{C5B54EB3-48B8-46D4-B04F-3CFEFD44CBB1}.Release|x64.Build.0 = Release|x64
		{C5B54EB3-48B8-46D4-B04F-3CFEFD44CBB1}.Release|x86.ActiveCfg = Release|Win32
		{C5B54EB3-48B8-46D4-B04F-3CFEFD44CBB1}.Release|x86.Build.0 = Release|Win32
		{5D29954F-B246-45BC-88DD-7610387AD33D}.Debug|x64.ActiveCfg = Debug|x64
		{5D29954F-B246-45BC-88DD-7610387AD33D}.Debug|x64.Build.0 = Debug|x64
		{5D29954F-B246-45BC-88DD-7610387AD33D}.Debug|x86.ActiveCfg = Debug|Win32
		{5D29954F-B246-45BC-88DD-7610387AD33D}.Debug|x86.Build.0 = Debug|Win32
		{5D29954F-B246-45BC-88DD-7610387AD33D}.Release|x64.ActiveCfg = Release|x64
		{5D29954F-B246-45BC-88DD-7610387AD33D}.Release|x64.Build.0 = Release|x64
		{5D29954F-B246-45BC-88DD-7610387AD33D}.Release|x86.ActiveCfg = Release|Win32
		{5D29954F-B246-45BC-88DD-7610387AD33D}.Release|x86.Build.0 = Release|Win32
		{A72E87A2-0FA6-4B68-948A-5780D9D842DB}.Debug|x64.ActiveCfg = Debug|x64
		{A72E87A2-0FA6-4B68-948A-5780D9D842DB}.Debug|x64.Build.0 = Debug|x64
		{A72E87A2-0FA6-4B68-948A-5780D9D842DB}.Debug|x86.ActiveCfg = Debug|Win32
		{A72E87A2-0FA6-4B68-948A-5780D9D842DB}.Debug|x86.Build.0 = Debug|Win32
		{A72E87A2-0FA6-4B68-948A-5780D9D842DB}.Release|x64.ActiveCfg = Release|x64
		{A72E87A2-0FA6-4B68-948A-5780D9D842DB}.Release|x64.Build.0 = Release|x64
		{A72E87A2-0FA6-4B68-948A-5780D9D842DB}.Release|x86.ActiveCfg = Release|Win32
		{A72E87A2-0FA6-4B68-948A-5780D9D842DB}.Release|x86.Build.0 = Release|Win32
	EndGlobalSection
	GlobalSection(SolutionProperties) = preSolution
		HideSolutionNode = FALSE
	EndGlobalSection
	GlobalSection(ExtensibilityGlobals) = postSolution
		SolutionGuid = {675B163E-3224-4ADE-944C-12FFCD922869}
	EndGlobalSection
EndGlobal
